
Microsoft Visual Studio Solution File, Format Version 12.00
# Visual Studio Version 17
VisualStudioVersion = 17.5.33627.172
MinimumVisualStudioVersion = 10.0.40219.1
Project("{FAE04EC0-301F-11D3-BF4B-00C04F79EFBC}") = "Lab3-Quiz2", "Lab3-Quiz2\Lab3-Quiz2.csproj", "{AB837BB7-1FAF-43DB-A855-19A41FF78E59}"
EndProject
Global
	GlobalSection(SolutionConfigurationPlatforms) = preSolution
		Debug|Any CPU = Debug|Any CPU
		Release|Any CPU = Release|Any CPU
	EndGlobalSection
	GlobalSection(ProjectConfigurationPlatforms) = postSolution
		{AB837BB7-1FAF-43DB-A855-19A41FF78E59}.Debug|Any CPU.ActiveCfg = Debug|Any CPU
		{AB837BB7-1FAF-43DB-A855-19A41FF78E59}.Debug|Any CPU.Build.0 = Debug|Any CPU
		{AB837BB7-1FAF-43DB-A855-19A41FF78E59}.Release|Any CPU.ActiveCfg = Release|Any CPU
		{AB837BB7-1FAF-43DB-A855-19A41FF78E59}.Release|Any CPU.Build.0 = Release|Any CPU
	EndGlobalSection
	GlobalSection(SolutionProperties) = preSolution
		HideSolutionNode = FALSE
	EndGlobalSection
	GlobalSection(ExtensibilityGlobals) = postSolution
		SolutionGuid = {CAB9484B-71CB-4069-A19C-0F4EC68805A1}
	EndGlobalSection
EndGlobal
