
Microsoft Visual Studio Solution File, Format Version 12.00
# Visual Studio Version 17
VisualStudioVersion = 17.5.33627.172
MinimumVisualStudioVersion = 10.0.40219.1
Project("{FAE04EC0-301F-11D3-BF4B-00C04F79EFBC}") = "Lab1-Quiz3", "Lab1-Quiz3\Lab1-Quiz3.csproj", "{D4CBA70A-C375-459D-BF07-009854B9AF15}"
EndProject
Global
	GlobalSection(SolutionConfigurationPlatforms) = preSolution
		Debug|Any CPU = Debug|Any CPU
		Release|Any CPU = Release|Any CPU
	EndGlobalSection
	GlobalSection(ProjectConfigurationPlatforms) = postSolution
		{D4CBA70A-C375-459D-BF07-009854B9AF15}.Debug|Any CPU.ActiveCfg = Debug|Any CPU
		{D4CBA70A-C375-459D-BF07-009854B9AF15}.Debug|Any CPU.Build.0 = Debug|Any CPU
		{D4CBA70A-C375-459D-BF07-009854B9AF15}.Release|Any CPU.ActiveCfg = Release|Any CPU
		{D4CBA70A-C375-459D-BF07-009854B9AF15}.Release|Any CPU.Build.0 = Release|Any CPU
	EndGlobalSection
	GlobalSection(SolutionProperties) = preSolution
		HideSolutionNode = FALSE
	EndGlobalSection
	GlobalSection(ExtensibilityGlobals) = postSolution
		SolutionGuid = {CC1B9509-FF65-4CC0-AE17-52640DFEEA44}
	EndGlobalSection
EndGlobal
