
Microsoft Visual Studio Solution File, Format Version 12.00
# Visual Studio Version 17
VisualStudioVersion = 17.5.33627.172
MinimumVisualStudioVersion = 10.0.40219.1
Project("{FAE04EC0-301F-11D3-BF4B-00C04F79EFBC}") = "Lab1-Quiz2", "Lab1-Quiz2\Lab1-Quiz2.csproj", "{2D815360-C51E-4C5C-91BC-A3FAC08BFB8E}"
EndProject
Global
	GlobalSection(SolutionConfigurationPlatforms) = preSolution
		Debug|Any CPU = Debug|Any CPU
		Release|Any CPU = Release|Any CPU
	EndGlobalSection
	GlobalSection(ProjectConfigurationPlatforms) = postSolution
		{2D815360-C51E-4C5C-91BC-A3FAC08BFB8E}.Debug|Any CPU.ActiveCfg = Debug|Any CPU
		{2D815360-C51E-4C5C-91BC-A3FAC08BFB8E}.Debug|Any CPU.Build.0 = Debug|Any CPU
		{2D815360-C51E-4C5C-91BC-A3FAC08BFB8E}.Release|Any CPU.ActiveCfg = Release|Any CPU
		{2D815360-C51E-4C5C-91BC-A3FAC08BFB8E}.Release|Any CPU.Build.0 = Release|Any CPU
	EndGlobalSection
	GlobalSection(SolutionProperties) = preSolution
		HideSolutionNode = FALSE
	EndGlobalSection
	GlobalSection(ExtensibilityGlobals) = postSolution
		SolutionGuid = {47626711-2E7D-4CA3-B02E-F530855D83FD}
	EndGlobalSection
EndGlobal
